// !$*UTF8*$!
{
	archiveVersion = 1;
	classes = {
	};
	objectVersion = 46;
	objects = {

/* Begin PBXBuildFile section */
		0A98B3321912978B00BBB586 /* Foundation.framework in Frameworks */ = {isa = PBXBuildFile; fileRef = 0A98B3311912978B00BBB586 /* Foundation.framework */; };
		0A98B3341912978B00BBB586 /* CoreGraphics.framework in Frameworks */ = {isa = PBXBuildFile; fileRef = 0A98B3331912978B00BBB586 /* CoreGraphics.framework */; };
		0A98B3361912978B00BBB586 /* UIKit.framework in Frameworks */ = {isa = PBXBuildFile; fileRef = 0A98B3351912978B00BBB586 /* UIKit.framework */; };
		0A98B33C1912978B00BBB586 /* InfoPlist.strings in Resources */ = {isa = PBXBuildFile; fileRef = 0A98B33A1912978B00BBB586 /* InfoPlist.strings */; };
		0A98B33E1912978B00BBB586 /* main.m in Sources */ = {isa = PBXBuildFile; fileRef = 0A98B33D1912978B00BBB586 /* main.m */; };
		0A98B3421912978B00BBB586 /* DGLAppDelegate.m in Sources */ = {isa = PBXBuildFile; fileRef = 0A98B3411912978B00BBB586 /* DGLAppDelegate.m */; };
		0A98B3451912978B00BBB586 /* Main.storyboard in Resources */ = {isa = PBXBuildFile; fileRef = 0A98B3431912978B00BBB586 /* Main.storyboard */; };
		0A98B3481912978B00BBB586 /* DGLViewController.m in Sources */ = {isa = PBXBuildFile; fileRef = 0A98B3471912978B00BBB586 /* DGLViewController.m */; };
		0A98B34A1912978B00BBB586 /* Images.xcassets in Resources */ = {isa = PBXBuildFile; fileRef = 0A98B3491912978B00BBB586 /* Images.xcassets */; };
		0A98B3511912978B00BBB586 /* XCTest.framework in Frameworks */ = {isa = PBXBuildFile; fileRef = 0A98B3501912978B00BBB586 /* XCTest.framework */; };
		0A98B3521912978B00BBB586 /* Foundation.framework in Frameworks */ = {isa = PBXBuildFile; fileRef = 0A98B3311912978B00BBB586 /* Foundation.framework */; };
		0A98B3531912978B00BBB586 /* UIKit.framework in Frameworks */ = {isa = PBXBuildFile; fileRef = 0A98B3351912978B00BBB586 /* UIKit.framework */; };
		0A98B35B1912978B00BBB586 /* InfoPlist.strings in Resources */ = {isa = PBXBuildFile; fileRef = 0A98B3591912978B00BBB586 /* InfoPlist.strings */; };
		0A98B35D1912978B00BBB586 /* DGLGameOfLifeTests.m in Sources */ = {isa = PBXBuildFile; fileRef = 0A98B35C1912978B00BBB586 /* DGLGameOfLifeTests.m */; };
		0A98B36819129C9C00BBB586 /* DGLCell.m in Sources */ = {isa = PBXBuildFile; fileRef = 0A98B36719129C9C00BBB586 /* DGLCell.m */; };
		0A98B36B19129CA800BBB586 /* DGLGrid.m in Sources */ = {isa = PBXBuildFile; fileRef = 0A98B36A19129CA800BBB586 /* DGLGrid.m */; };
/* End PBXBuildFile section */

/* Begin PBXContainerItemProxy section */
		0A98B3541912978B00BBB586 /* PBXContainerItemProxy */ = {
			isa = PBXContainerItemProxy;
			containerPortal = 0A98B3261912978B00BBB586 /* Project object */;
			proxyType = 1;
			remoteGlobalIDString = 0A98B32D1912978B00BBB586;
			remoteInfo = DGLGameOfLife;
		};
/* End PBXContainerItemProxy section */

/* Begin PBXFileReference section */
		0A98B32E1912978B00BBB586 /* DGLGameOfLife.app */ = {isa = PBXFileReference; explicitFileType = wrapper.application; includeInIndex = 0; path = DGLGameOfLife.app; sourceTree = BUILT_PRODUCTS_DIR; };
		0A98B3311912978B00BBB586 /* Foundation.framework */ = {isa = PBXFileReference; lastKnownFileType = wrapper.framework; name = Foundation.framework; path = System/Library/Frameworks/Foundation.framework; sourceTree = SDKROOT; };
		0A98B3331912978B00BBB586 /* CoreGraphics.framework */ = {isa = PBXFileReference; lastKnownFileType = wrapper.framework; name = CoreGraphics.framework; path = System/Library/Frameworks/CoreGraphics.framework; sourceTree = SDKROOT; };
		0A98B3351912978B00BBB586 /* UIKit.framework */ = {isa = PBXFileReference; lastKnownFileType = wrapper.framework; name = UIKit.framework; path = System/Library/Frameworks/UIKit.framework; sourceTree = SDKROOT; };
		0A98B3391912978B00BBB586 /* DGLGameOfLife-Info.plist */ = {isa = PBXFileReference; lastKnownFileType = text.plist.xml; path = "DGLGameOfLife-Info.plist"; sourceTree = "<group>"; };
		0A98B33B1912978B00BBB586 /* en */ = {isa = PBXFileReference; lastKnownFileType = text.plist.strings; name = en; path = en.lproj/InfoPlist.strings; sourceTree = "<group>"; };
		0A98B33D1912978B00BBB586 /* main.m */ = {isa = PBXFileReference; lastKnownFileType = sourcecode.c.objc; path = main.m; sourceTree = "<group>"; };
		0A98B33F1912978B00BBB586 /* DGLGameOfLife-Prefix.pch */ = {isa = PBXFileReference; lastKnownFileType = sourcecode.c.h; path = "DGLGameOfLife-Prefix.pch"; sourceTree = "<group>"; };
		0A98B3401912978B00BBB586 /* DGLAppDelegate.h */ = {isa = PBXFileReference; lastKnownFileType = sourcecode.c.h; path = DGLAppDelegate.h; sourceTree = "<group>"; };
		0A98B3411912978B00BBB586 /* DGLAppDelegate.m */ = {isa = PBXFileReference; lastKnownFileType = sourcecode.c.objc; path = DGLAppDelegate.m; sourceTree = "<group>"; };
		0A98B3441912978B00BBB586 /* Base */ = {isa = PBXFileReference; lastKnownFileType = file.storyboard; name = Base; path = Base.lproj/Main.storyboard; sourceTree = "<group>"; };
		0A98B3461912978B00BBB586 /* DGLViewController.h */ = {isa = PBXFileReference; lastKnownFileType = sourcecode.c.h; path = DGLViewController.h; sourceTree = "<group>"; };
		0A98B3471912978B00BBB586 /* DGLViewController.m */ = {isa = PBXFileReference; lastKnownFileType = sourcecode.c.objc; path = DGLViewController.m; sourceTree = "<group>"; };
		0A98B3491912978B00BBB586 /* Images.xcassets */ = {isa = PBXFileReference; lastKnownFileType = folder.assetcatalog; path = Images.xcassets; sourceTree = "<group>"; };
		0A98B34F1912978B00BBB586 /* DGLGameOfLifeTests.xctest */ = {isa = PBXFileReference; explicitFileType = wrapper.cfbundle; includeInIndex = 0; path = DGLGameOfLifeTests.xctest; sourceTree = BUILT_PRODUCTS_DIR; };
		0A98B3501912978B00BBB586 /* XCTest.framework */ = {isa = PBXFileReference; lastKnownFileType = wrapper.framework; name = XCTest.framework; path = Library/Frameworks/XCTest.framework; sourceTree = DEVELOPER_DIR; };
		0A98B3581912978B00BBB586 /* DGLGameOfLifeTests-Info.plist */ = {isa = PBXFileReference; lastKnownFileType = text.plist.xml; path = "DGLGameOfLifeTests-Info.plist"; sourceTree = "<group>"; };
		0A98B35A1912978B00BBB586 /* en */ = {isa = PBXFileReference; lastKnownFileType = text.plist.strings; name = en; path = en.lproj/InfoPlist.strings; sourceTree = "<group>"; };
		0A98B35C1912978B00BBB586 /* DGLGameOfLifeTests.m */ = {isa = PBXFileReference; lastKnownFileType = sourcecode.c.objc; path = DGLGameOfLifeTests.m; sourceTree = "<group>"; };
		0A98B36619129C9C00BBB586 /* DGLCell.h */ = {isa = PBXFileReference; fileEncoding = 4; lastKnownFileType = sourcecode.c.h; path = DGLCell.h; sourceTree = "<group>"; };
		0A98B36719129C9C00BBB586 /* DGLCell.m */ = {isa = PBXFileReference; fileEncoding = 4; lastKnownFileType = sourcecode.c.objc; path = DGLCell.m; sourceTree = "<group>"; };
		0A98B36919129CA800BBB586 /* DGLGrid.h */ = {isa = PBXFileReference; fileEncoding = 4; lastKnownFileType = sourcecode.c.h; path = DGLGrid.h; sourceTree = "<group>"; };
		0A98B36A19129CA800BBB586 /* DGLGrid.m */ = {isa = PBXFileReference; fileEncoding = 4; lastKnownFileType = sourcecode.c.objc; path = DGLGrid.m; sourceTree = "<group>"; };
/* End PBXFileReference section */

/* Begin PBXFrameworksBuildPhase section */
		0A98B32B1912978B00BBB586 /* Frameworks */ = {
			isa = PBXFrameworksBuildPhase;
			buildActionMask = 2147483647;
			files = (
				0A98B3341912978B00BBB586 /* CoreGraphics.framework in Frameworks */,
				0A98B3361912978B00BBB586 /* UIKit.framework in Frameworks */,
				0A98B3321912978B00BBB586 /* Foundation.framework in Frameworks */,
			);
			runOnlyForDeploymentPostprocessing = 0;
		};
		0A98B34C1912978B00BBB586 /* Frameworks */ = {
			isa = PBXFrameworksBuildPhase;
			buildActionMask = 2147483647;
			files = (
				0A98B3511912978B00BBB586 /* XCTest.framework in Frameworks */,
				0A98B3531912978B00BBB586 /* UIKit.framework in Frameworks */,
				0A98B3521912978B00BBB586 /* Foundation.framework in Frameworks */,
			);
			runOnlyForDeploymentPostprocessing = 0;
		};
/* End PBXFrameworksBuildPhase section */

/* Begin PBXGroup section */
		0A98B3251912978B00BBB586 = {
			isa = PBXGroup;
			children = (
				0A98B3371912978B00BBB586 /* DGLGameOfLife */,
				0A98B3561912978B00BBB586 /* DGLGameOfLifeTests */,
				0A98B3301912978B00BBB586 /* Frameworks */,
				0A98B32F1912978B00BBB586 /* Products */,
			);
			sourceTree = "<group>";
		};
		0A98B32F1912978B00BBB586 /* Products */ = {
			isa = PBXGroup;
			children = (
				0A98B32E1912978B00BBB586 /* DGLGameOfLife.app */,
				0A98B34F1912978B00BBB586 /* DGLGameOfLifeTests.xctest */,
			);
			name = Products;
			sourceTree = "<group>";
		};
		0A98B3301912978B00BBB586 /* Frameworks */ = {
			isa = PBXGroup;
			children = (
				0A98B3311912978B00BBB586 /* Foundation.framework */,
				0A98B3331912978B00BBB586 /* CoreGraphics.framework */,
				0A98B3351912978B00BBB586 /* UIKit.framework */,
				0A98B3501912978B00BBB586 /* XCTest.framework */,
			);
			name = Frameworks;
			sourceTree = "<group>";
		};
		0A98B3371912978B00BBB586 /* DGLGameOfLife */ = {
			isa = PBXGroup;
			children = (
				0A98B3401912978B00BBB586 /* DGLAppDelegate.h */,
				0A98B3411912978B00BBB586 /* DGLAppDelegate.m */,
				0A98B3431912978B00BBB586 /* Main.storyboard */,
				0A98B3461912978B00BBB586 /* DGLViewController.h */,
				0A98B3471912978B00BBB586 /* DGLViewController.m */,
				0A98B36619129C9C00BBB586 /* DGLCell.h */,
				0A98B36719129C9C00BBB586 /* DGLCell.m */,
				0A98B36919129CA800BBB586 /* DGLGrid.h */,
				0A98B36A19129CA800BBB586 /* DGLGrid.m */,
				0A98B3491912978B00BBB586 /* Images.xcassets */,
				0A98B3381912978B00BBB586 /* Supporting Files */,
			);
			path = DGLGameOfLife;
			sourceTree = "<group>";
		};
		0A98B3381912978B00BBB586 /* Supporting Files */ = {
			isa = PBXGroup;
			children = (
				0A98B3391912978B00BBB586 /* DGLGameOfLife-Info.plist */,
				0A98B33A1912978B00BBB586 /* InfoPlist.strings */,
				0A98B33D1912978B00BBB586 /* main.m */,
				0A98B33F1912978B00BBB586 /* DGLGameOfLife-Prefix.pch */,
			);
			name = "Supporting Files";
			sourceTree = "<group>";
		};
		0A98B3561912978B00BBB586 /* DGLGameOfLifeTests */ = {
			isa = PBXGroup;
			children = (
				0A98B35C1912978B00BBB586 /* DGLGameOfLifeTests.m */,
				0A98B3571912978B00BBB586 /* Supporting Files */,
			);
			path = DGLGameOfLifeTests;
			sourceTree = "<group>";
		};
		0A98B3571912978B00BBB586 /* Supporting Files */ = {
			isa = PBXGroup;
			children = (
				0A98B3581912978B00BBB586 /* DGLGameOfLifeTests-Info.plist */,
				0A98B3591912978B00BBB586 /* InfoPlist.strings */,
			);
			name = "Supporting Files";
			sourceTree = "<group>";
		};
/* End PBXGroup section */

/* Begin PBXNativeTarget section */
		0A98B32D1912978B00BBB586 /* DGLGameOfLife */ = {
			isa = PBXNativeTarget;
			buildConfigurationList = 0A98B3601912978B00BBB586 /* Build configuration list for PBXNativeTarget "DGLGameOfLife" */;
			buildPhases = (
				0A98B32A1912978B00BBB586 /* Sources */,
				0A98B32B1912978B00BBB586 /* Frameworks */,
				0A98B32C1912978B00BBB586 /* Resources */,
			);
			buildRules = (
			);
			dependencies = (
			);
			name = DGLGameOfLife;
			productName = DGLGameOfLife;
			productReference = 0A98B32E1912978B00BBB586 /* DGLGameOfLife.app */;
			productType = "com.apple.product-type.application";
		};
		0A98B34E1912978B00BBB586 /* DGLGameOfLifeTests */ = {
			isa = PBXNativeTarget;
			buildConfigurationList = 0A98B3631912978B00BBB586 /* Build configuration list for PBXNativeTarget "DGLGameOfLifeTests" */;
			buildPhases = (
				0A98B34B1912978B00BBB586 /* Sources */,
				0A98B34C1912978B00BBB586 /* Frameworks */,
				0A98B34D1912978B00BBB586 /* Resources */,
			);
			buildRules = (
			);
			dependencies = (
				0A98B3551912978B00BBB586 /* PBXTargetDependency */,
			);
			name = DGLGameOfLifeTests;
			productName = DGLGameOfLifeTests;
			productReference = 0A98B34F1912978B00BBB586 /* DGLGameOfLifeTests.xctest */;
			productType = "com.apple.product-type.bundle.unit-test";
		};
/* End PBXNativeTarget section */

/* Begin PBXProject section */
		0A98B3261912978B00BBB586 /* Project object */ = {
			isa = PBXProject;
			attributes = {
				CLASSPREFIX = DGL;
				LastUpgradeCheck = 0510;
				ORGANIZATIONNAME = "Duncan Lowrie";
				TargetAttributes = {
					0A98B34E1912978B00BBB586 = {
						TestTargetID = 0A98B32D1912978B00BBB586;
					};
				};
			};
			buildConfigurationList = 0A98B3291912978B00BBB586 /* Build configuration list for PBXProject "DGLGameOfLife" */;
			compatibilityVersion = "Xcode 3.2";
			developmentRegion = English;
			hasScannedForEncodings = 0;
			knownRegions = (
				en,
				Base,
			);
			mainGroup = 0A98B3251912978B00BBB586;
			productRefGroup = 0A98B32F1912978B00BBB586 /* Products */;
			projectDirPath = "";
			projectRoot = "";
			targets = (
				0A98B32D1912978B00BBB586 /* DGLGameOfLife */,
				0A98B34E1912978B00BBB586 /* DGLGameOfLifeTests */,
			);
		};
/* End PBXProject section */

/* Begin PBXResourcesBuildPhase section */
		0A98B32C1912978B00BBB586 /* Resources */ = {
			isa = PBXResourcesBuildPhase;
			buildActionMask = 2147483647;
			files = (
				0A98B34A1912978B00BBB586 /* Images.xcassets in Resources */,
				0A98B33C1912978B00BBB586 /* InfoPlist.strings in Resources */,
				0A98B3451912978B00BBB586 /* Main.storyboard in Resources */,
			);
			runOnlyForDeploymentPostprocessing = 0;
		};
		0A98B34D1912978B00BBB586 /* Resources */ = {
			isa = PBXResourcesBuildPhase;
			buildActionMask = 2147483647;
			files = (
				0A98B35B1912978B00BBB586 /* InfoPlist.strings in Resources */,
			);
			runOnlyForDeploymentPostprocessing = 0;
		};
/* End PBXResourcesBuildPhase section */

/* Begin PBXSourcesBuildPhase section */
		0A98B32A1912978B00BBB586 /* Sources */ = {
			isa = PBXSourcesBuildPhase;
			buildActionMask = 2147483647;
			files = (
				0A98B3481912978B00BBB586 /* DGLViewController.m in Sources */,
				0A98B3421912978B00BBB586 /* DGLAppDelegate.m in Sources */,
				0A98B33E1912978B00BBB586 /* main.m in Sources */,
				0A98B36B19129CA800BBB586 /* DGLGrid.m in Sources */,
				0A98B36819129C9C00BBB586 /* DGLCell.m in Sources */,
			);
			runOnlyForDeploymentPostprocessing = 0;
		};
		0A98B34B1912978B00BBB586 /* Sources */ = {
			isa = PBXSourcesBuildPhase;
			buildActionMask = 2147483647;
			files = (
				0A98B35D1912978B00BBB586 /* DGLGameOfLifeTests.m in Sources */,
			);
			runOnlyForDeploymentPostprocessing = 0;
		};
/* End PBXSourcesBuildPhase section */

/* Begin PBXTargetDependency section */
		0A98B3551912978B00BBB586 /* PBXTargetDependency */ = {
			isa = PBXTargetDependency;
			target = 0A98B32D1912978B00BBB586 /* DGLGameOfLife */;
			targetProxy = 0A98B3541912978B00BBB586 /* PBXContainerItemProxy */;
		};
/* End PBXTargetDependency section */

/* Begin PBXVariantGroup section */
		0A98B33A1912978B00BBB586 /* InfoPlist.strings */ = {
			isa = PBXVariantGroup;
			children = (
				0A98B33B1912978B00BBB586 /* en */,
			);
			name = InfoPlist.strings;
			sourceTree = "<group>";
		};
		0A98B3431912978B00BBB586 /* Main.storyboard */ = {
			isa = PBXVariantGroup;
			children = (
				0A98B3441912978B00BBB586 /* Base */,
			);
			name = Main.storyboard;
			sourceTree = "<group>";
		};
		0A98B3591912978B00BBB586 /* InfoPlist.strings */ = {
			isa = PBXVariantGroup;
			children = (
				0A98B35A1912978B00BBB586 /* en */,
			);
			name = InfoPlist.strings;
			sourceTree = "<group>";
		};
/* End PBXVariantGroup section */

/* Begin XCBuildConfiguration section */
		0A98B35E1912978B00BBB586 /* Debug */ = {
			isa = XCBuildConfiguration;
			buildSettings = {
				ALWAYS_SEARCH_USER_PATHS = NO;
				CLANG_CXX_LANGUAGE_STANDARD = "gnu++0x";
				CLANG_CXX_LIBRARY = "libc++";
				CLANG_ENABLE_MODULES = YES;
				CLANG_ENABLE_OBJC_ARC = YES;
				CLANG_WARN_BOOL_CONVERSION = YES;
				CLANG_WARN_CONSTANT_CONVERSION = YES;
				CLANG_WARN_DIRECT_OBJC_ISA_USAGE = YES_ERROR;
				CLANG_WARN_EMPTY_BODY = YES;
				CLANG_WARN_ENUM_CONVERSION = YES;
				CLANG_WARN_INT_CONVERSION = YES;
				CLANG_WARN_OBJC_ROOT_CLASS = YES_ERROR;
				CLANG_WARN__DUPLICATE_METHOD_MATCH = YES;
				"CODE_SIGN_IDENTITY[sdk=iphoneos*]" = "iPhone Developer";
				COPY_PHASE_STRIP = NO;
				GCC_C_LANGUAGE_STANDARD = gnu99;
				GCC_DYNAMIC_NO_PIC = NO;
				GCC_OPTIMIZATION_LEVEL = 0;
				GCC_PREPROCESSOR_DEFINITIONS = (
					"DEBUG=1",
					"$(inherited)",
				);
				GCC_SYMBOLS_PRIVATE_EXTERN = NO;
				GCC_WARN_64_TO_32_BIT_CONVERSION = YES;
				GCC_WARN_ABOUT_RETURN_TYPE = YES_ERROR;
				GCC_WARN_UNDECLARED_SELECTOR = YES;
				GCC_WARN_UNINITIALIZED_AUTOS = YES_AGGRESSIVE;
				GCC_WARN_UNUSED_FUNCTION = YES;
				GCC_WARN_UNUSED_VARIABLE = YES;
				IPHONEOS_DEPLOYMENT_TARGET = 7.1;
				ONLY_ACTIVE_ARCH = YES;
				SDKROOT = iphoneos;
				TARGETED_DEVICE_FAMILY = 2;
			};
			name = Debug;
		};
		0A98B35F1912978B00BBB586 /* Release */ = {
			isa = XCBuildConfiguration;
			buildSettings = {
				ALWAYS_SEARCH_USER_PATHS = NO;
				CLANG_CXX_LANGUAGE_STANDARD = "gnu++0x";
				CLANG_CXX_LIBRARY = "libc++";
				CLANG_ENABLE_MODULES = YES;
				CLANG_ENABLE_OBJC_ARC = YES;
				CLANG_WARN_BOOL_CONVERSION = YES;
				CLANG_WARN_CONSTANT_CONVERSION = YES;
				CLANG_WARN_DIRECT_OBJC_ISA_USAGE = YES_ERROR;
				CLANG_WARN_EMPTY_BODY = YES;
				CLANG_WARN_ENUM_CONVERSION = YES;
				CLANG_WARN_INT_CONVERSION = YES;
				CLANG_WARN_OBJC_ROOT_CLASS = YES_ERROR;
				CLANG_WARN__DUPLICATE_METHOD_MATCH = YES;
				"CODE_SIGN_IDENTITY[sdk=iphoneos*]" = "iPhone Developer";
				COPY_PHASE_STRIP = YES;
				ENABLE_NS_ASSERTIONS = NO;
				GCC_C_LANGUAGE_STANDARD = gnu99;
				GCC_WARN_64_TO_32_BIT_CONVERSION = YES;
				GCC_WARN_ABOUT_RETURN_TYPE = YES_ERROR;
				GCC_WARN_UNDECLARED_SELECTOR = YES;
				GCC_WARN_UNINITIALIZED_AUTOS = YES_AGGRESSIVE;
				GCC_WARN_UNUSED_FUNCTION = YES;
				GCC_WARN_UNUSED_VARIABLE = YES;
				IPHONEOS_DEPLOYMENT_TARGET = 7.1;
				SDKROOT = iphoneos;
				TARGETED_DEVICE_FAMILY = 2;
				VALIDATE_PRODUCT = YES;
			};
			name = Release;
		};
		0A98B3611912978B00BBB586 /* Debug */ = {
			isa = XCBuildConfiguration;
			buildSettings = {
				ASSETCATALOG_COMPILER_APPICON_NAME = AppIcon;
				ASSETCATALOG_COMPILER_LAUNCHIMAGE_NAME = LaunchImage;
				GCC_PRECOMPILE_PREFIX_HEADER = YES;
				GCC_PREFIX_HEADER = "DGLGameOfLife/DGLGameOfLife-Prefix.pch";
				INFOPLIST_FILE = "DGLGameOfLife/DGLGameOfLife-Info.plist";
				PRODUCT_NAME = "$(TARGET_NAME)";
				WRAPPER_EXTENSION = app;
			};
			name = Debug;
		};
		0A98B3621912978B00BBB586 /* Release */ = {
			isa = XCBuildConfiguration;
			buildSettings = {
				ASSETCATALOG_COMPILER_APPICON_NAME = AppIcon;
				ASSETCATALOG_COMPILER_LAUNCHIMAGE_NAME = LaunchImage;
				GCC_PRECOMPILE_PREFIX_HEADER = YES;
				GCC_PREFIX_HEADER = "DGLGameOfLife/DGLGameOfLife-Prefix.pch";
				INFOPLIST_FILE = "DGLGameOfLife/DGLGameOfLife-Info.plist";
				PRODUCT_NAME = "$(TARGET_NAME)";
				WRAPPER_EXTENSION = app;
			};
			name = Release;
		};
		0A98B3641912978B00BBB586 /* Debug */ = {
			isa = XCBuildConfiguration;
			buildSettings = {
				BUNDLE_LOADER = "$(BUILT_PRODUCTS_DIR)/DGLGameOfLife.app/DGLGameOfLife";
				FRAMEWORK_SEARCH_PATHS = (
					"$(SDKROOT)/Developer/Library/Frameworks",
					"$(inherited)",
					"$(DEVELOPER_FRAMEWORKS_DIR)",
				);
				GCC_PRECOMPILE_PREFIX_HEADER = YES;
				GCC_PREFIX_HEADER = "DGLGameOfLife/DGLGameOfLife-Prefix.pch";
				GCC_PREPROCESSOR_DEFINITIONS = (
					"DEBUG=1",
					"$(inherited)",
				);
				INFOPLIST_FILE = "DGLGameOfLifeTests/DGLGameOfLifeTests-Info.plist";
				PRODUCT_NAME = "$(TARGET_NAME)";
				TEST_HOST = "$(BUNDLE_LOADER)";
				WRAPPER_EXTENSION = xctest;
			};
			name = Debug;
		};
		0A98B3651912978B00BBB586 /* Release */ = {
			isa = XCBuildConfiguration;
			buildSettings = {
				BUNDLE_LOADER = "$(BUILT_PRODUCTS_DIR)/DGLGameOfLife.app/DGLGameOfLife";
				FRAMEWORK_SEARCH_PATHS = (
					"$(SDKROOT)/Developer/Library/Frameworks",
					"$(inherited)",
					"$(DEVELOPER_FRAMEWORKS_DIR)",
				);
				GCC_PRECOMPILE_PREFIX_HEADER = YES;
				GCC_PREFIX_HEADER = "DGLGameOfLife/DGLGameOfLife-Prefix.pch";
				INFOPLIST_FILE = "DGLGameOfLifeTests/DGLGameOfLifeTests-Info.plist";
				PRODUCT_NAME = "$(TARGET_NAME)";
				TEST_HOST = "$(BUNDLE_LOADER)";
				WRAPPER_EXTENSION = xctest;
			};
			name = Release;
		};
/* End XCBuildConfiguration section */

/* Begin XCConfigurationList section */
		0A98B3291912978B00BBB586 /* Build configuration list for PBXProject "DGLGameOfLife" */ = {
			isa = XCConfigurationList;
			buildConfigurations = (
				0A98B35E1912978B00BBB586 /* Debug */,
				0A98B35F1912978B00BBB586 /* Release */,
			);
			defaultConfigurationIsVisible = 0;
			defaultConfigurationName = Release;
		};
		0A98B3601912978B00BBB586 /* Build configuration list for PBXNativeTarget "DGLGameOfLife" */ = {
			isa = XCConfigurationList;
			buildConfigurations = (
				0A98B3611912978B00BBB586 /* Debug */,
				0A98B3621912978B00BBB586 /* Release */,
			);
			defaultConfigurationIsVisible = 0;
		};
		0A98B3631912978B00BBB586 /* Build configuration list for PBXNativeTarget "DGLGameOfLifeTests" */ = {
			isa = XCConfigurationList;
			buildConfigurations = (
				0A98B3641912978B00BBB586 /* Debug */,
				0A98B3651912978B00BBB586 /* Release */,
			);
			defaultConfigurationIsVisible = 0;
		};
/* End XCConfigurationList section */
	};
	rootObject = 0A98B3261912978B00BBB586 /* Project object */;
}
